
Microsoft Visual Studio Solution File, Format Version 12.00
# Visual Studio 15
VisualStudioVersion = 15.0.28307.2017
MinimumVisualStudioVersion = 10.0.40219.1
Project("{9A19103F-16F7-4668-BE54-9A1E7A4F7556}") = "MYRIAM", "MYRIAM.csproj", "{DA8F04F1-4D5F-4D9A-A64D-C3625D7F816F}"
EndProject
Global
	GlobalSection(SolutionConfigurationPlatforms) = preSolution
		Debug|Any CPU = Debug|Any CPU
		Release|Any CPU = Release|Any CPU
	EndGlobalSection
	GlobalSection(ProjectConfigurationPlatforms) = postSolution
		{DA8F04F1-4D5F-4D9A-A64D-C3625D7F816F}.Debug|Any CPU.ActiveCfg = Debug|Any CPU
		{DA8F04F1-4D5F-4D9A-A64D-C3625D7F816F}.Debug|Any CPU.Build.0 = Debug|Any CPU
		{DA8F04F1-4D5F-4D9A-A64D-C3625D7F816F}.Release|Any CPU.ActiveCfg = Release|Any CPU
		{DA8F04F1-4D5F-4D9A-A64D-C3625D7F816F}.Release|Any CPU.Build.0 = Release|Any CPU
	EndGlobalSection
	GlobalSection(SolutionProperties) = preSolution
		HideSolutionNode = FALSE
	EndGlobalSection
	GlobalSection(ExtensibilityGlobals) = postSolution
		SolutionGuid = {729B9A43-E179-4098-940F-81CA8EFEA0CD}
	EndGlobalSection
EndGlobal
